
Microsoft Visual Studio Solution File, Format Version 12.00
# Visual Studio Version 17
VisualStudioVersion = 17.5.002.0
MinimumVisualStudioVersion = 10.0.40219.1
Project("{9A19103F-16F7-4668-BE54-9A1E7A4F7556}") = "MyRecipes", "MyRecipes\MyRecipes.csproj", "{42BBB614-A8E8-4A6F-87B6-296BA29DD3C8}"
EndProject
Global
	GlobalSection(SolutionConfigurationPlatforms) = preSolution
		Debug|Any CPU = Debug|Any CPU
		Release|Any CPU = Release|Any CPU
	EndGlobalSection
	GlobalSection(ProjectConfigurationPlatforms) = postSolution
		{42BBB614-A8E8-4A6F-87B6-296BA29DD3C8}.Debug|Any CPU.ActiveCfg = Debug|Any CPU
		{42BBB614-A8E8-4A6F-87B6-296BA29DD3C8}.Debug|Any CPU.Build.0 = Debug|Any CPU
		{42BBB614-A8E8-4A6F-87B6-296BA29DD3C8}.Release|Any CPU.ActiveCfg = Release|Any CPU
		{42BBB614-A8E8-4A6F-87B6-296BA29DD3C8}.Release|Any CPU.Build.0 = Release|Any CPU
	EndGlobalSection
	GlobalSection(SolutionProperties) = preSolution
		HideSolutionNode = FALSE
	EndGlobalSection
	GlobalSection(ExtensibilityGlobals) = postSolution
		SolutionGuid = {E4CA95FA-2550-4222-939D-0320006103FD}
	EndGlobalSection
EndGlobal
